
Microsoft Visual Studio Solution File, Format Version 12.00
# Visual Studio Version 16
VisualStudioVersion = 16.0.29102.190
MinimumVisualStudioVersion = 10.0.40219.1
Project("{FAE04EC0-301F-11D3-BF4B-00C04F79EFBC}") = "Funktionen", "Funktionen\Funktionen.csproj", "{63161606-1444-4799-AE2A-C5782AA94BDB}"
EndProject
Global
	GlobalSection(SolutionConfigurationPlatforms) = preSolution
		Debug|Any CPU = Debug|Any CPU
		Release|Any CPU = Release|Any CPU
	EndGlobalSection
	GlobalSection(ProjectConfigurationPlatforms) = postSolution
		{63161606-1444-4799-AE2A-C5782AA94BDB}.Debug|Any CPU.ActiveCfg = Debug|Any CPU
		{63161606-1444-4799-AE2A-C5782AA94BDB}.Debug|Any CPU.Build.0 = Debug|Any CPU
		{63161606-1444-4799-AE2A-C5782AA94BDB}.Release|Any CPU.ActiveCfg = Release|Any CPU
		{63161606-1444-4799-AE2A-C5782AA94BDB}.Release|Any CPU.Build.0 = Release|Any CPU
	EndGlobalSection
	GlobalSection(SolutionProperties) = preSolution
		HideSolutionNode = FALSE
	EndGlobalSection
	GlobalSection(ExtensibilityGlobals) = postSolution
		SolutionGuid = {ADE58A4B-676C-40A3-8008-D03CBE4C5F9C}
	EndGlobalSection
EndGlobal
