
Microsoft Visual Studio Solution File, Format Version 12.00
# Visual Studio Version 16
VisualStudioVersion = 16.0.29102.190
MinimumVisualStudioVersion = 10.0.40219.1
Project("{FAE04EC0-301F-11D3-BF4B-00C04F79EFBC}") = "Werkzeuge", "ObjektOrientierung\Werkzeuge.csproj", "{7E608D39-0ED1-4861-9B4C-2839C46A5D85}"
EndProject
Project("{FAE04EC0-301F-11D3-BF4B-00C04F79EFBC}") = "AndererNamensraum", "AndererNamensraum\AndererNamensraum.csproj", "{19AFC8C3-D19B-4899-942B-9448BFA8835F}"
EndProject
Global
	GlobalSection(SolutionConfigurationPlatforms) = preSolution
		Debug|Any CPU = Debug|Any CPU
		Release|Any CPU = Release|Any CPU
	EndGlobalSection
	GlobalSection(ProjectConfigurationPlatforms) = postSolution
		{7E608D39-0ED1-4861-9B4C-2839C46A5D85}.Debug|Any CPU.ActiveCfg = Debug|Any CPU
		{7E608D39-0ED1-4861-9B4C-2839C46A5D85}.Debug|Any CPU.Build.0 = Debug|Any CPU
		{7E608D39-0ED1-4861-9B4C-2839C46A5D85}.Release|Any CPU.ActiveCfg = Release|Any CPU
		{7E608D39-0ED1-4861-9B4C-2839C46A5D85}.Release|Any CPU.Build.0 = Release|Any CPU
		{19AFC8C3-D19B-4899-942B-9448BFA8835F}.Debug|Any CPU.ActiveCfg = Debug|Any CPU
		{19AFC8C3-D19B-4899-942B-9448BFA8835F}.Debug|Any CPU.Build.0 = Debug|Any CPU
		{19AFC8C3-D19B-4899-942B-9448BFA8835F}.Release|Any CPU.ActiveCfg = Release|Any CPU
		{19AFC8C3-D19B-4899-942B-9448BFA8835F}.Release|Any CPU.Build.0 = Release|Any CPU
	EndGlobalSection
	GlobalSection(SolutionProperties) = preSolution
		HideSolutionNode = FALSE
	EndGlobalSection
	GlobalSection(ExtensibilityGlobals) = postSolution
		SolutionGuid = {82A1AC58-90CB-445F-8126-B2484599F446}
	EndGlobalSection
EndGlobal
