
Microsoft Visual Studio Solution File, Format Version 12.00
# Visual Studio Version 16
VisualStudioVersion = 16.0.29102.190
MinimumVisualStudioVersion = 10.0.40219.1
Project("{FAE04EC0-301F-11D3-BF4B-00C04F79EFBC}") = "ExceptionHandling", "ExceptionHandling\ExceptionHandling.csproj", "{7C3B6645-7DE6-45C2-9B7B-D1F1151327CB}"
EndProject
Global
	GlobalSection(SolutionConfigurationPlatforms) = preSolution
		Debug|Any CPU = Debug|Any CPU
		Release|Any CPU = Release|Any CPU
	EndGlobalSection
	GlobalSection(ProjectConfigurationPlatforms) = postSolution
		{7C3B6645-7DE6-45C2-9B7B-D1F1151327CB}.Debug|Any CPU.ActiveCfg = Debug|Any CPU
		{7C3B6645-7DE6-45C2-9B7B-D1F1151327CB}.Debug|Any CPU.Build.0 = Debug|Any CPU
		{7C3B6645-7DE6-45C2-9B7B-D1F1151327CB}.Release|Any CPU.ActiveCfg = Release|Any CPU
		{7C3B6645-7DE6-45C2-9B7B-D1F1151327CB}.Release|Any CPU.Build.0 = Release|Any CPU
	EndGlobalSection
	GlobalSection(SolutionProperties) = preSolution
		HideSolutionNode = FALSE
	EndGlobalSection
	GlobalSection(ExtensibilityGlobals) = postSolution
		SolutionGuid = {6A172214-E7CA-4432-A838-4C86017FAA6B}
	EndGlobalSection
EndGlobal
