
Microsoft Visual Studio Solution File, Format Version 12.00
# Visual Studio Version 16
VisualStudioVersion = 16.0.29102.190
MinimumVisualStudioVersion = 10.0.40219.1
Project("{FAE04EC0-301F-11D3-BF4B-00C04F79EFBC}") = "WindowsFormsApp1", "WindowsFormsApp1\WindowsFormsApp1.csproj", "{1D589FCF-ED89-4CD6-94F0-CB7D6CB8FB60}"
EndProject
Global
	GlobalSection(SolutionConfigurationPlatforms) = preSolution
		Debug|Any CPU = Debug|Any CPU
		Release|Any CPU = Release|Any CPU
	EndGlobalSection
	GlobalSection(ProjectConfigurationPlatforms) = postSolution
		{1D589FCF-ED89-4CD6-94F0-CB7D6CB8FB60}.Debug|Any CPU.ActiveCfg = Debug|Any CPU
		{1D589FCF-ED89-4CD6-94F0-CB7D6CB8FB60}.Debug|Any CPU.Build.0 = Debug|Any CPU
		{1D589FCF-ED89-4CD6-94F0-CB7D6CB8FB60}.Release|Any CPU.ActiveCfg = Release|Any CPU
		{1D589FCF-ED89-4CD6-94F0-CB7D6CB8FB60}.Release|Any CPU.Build.0 = Release|Any CPU
	EndGlobalSection
	GlobalSection(SolutionProperties) = preSolution
		HideSolutionNode = FALSE
	EndGlobalSection
	GlobalSection(ExtensibilityGlobals) = postSolution
		SolutionGuid = {636E911F-8753-4B01-A0D2-380D91DF4B10}
	EndGlobalSection
EndGlobal
